// !$*UTF8*$!
{
	archiveVersion = 1;
	classes = {
	};
	objectVersion = 56;
	objects = {

/* Begin PBXBuildFile section */
		FC48A4D02C32CFB000C53509 /* ListViewController.swift in Sources */ = {isa = PBXBuildFile; fileRef = FC48A4CF2C32CFB000C53509 /* ListViewController.swift */; };
		FC48A4D42C32E32B00C53509 /* ListViewModel.swift in Sources */ = {isa = PBXBuildFile; fileRef = FC48A4D32C32E32B00C53509 /* ListViewModel.swift */; };
		FC48A4D72C32E59300C53509 /* NotesViewController.swift in Sources */ = {isa = PBXBuildFile; fileRef = FC48A4D62C32E59300C53509 /* NotesViewController.swift */; };
		FC48A50D2C36DD9A00C53509 /* TabBarController.swift in Sources */ = {isa = PBXBuildFile; fileRef = FC48A50C2C36DD9A00C53509 /* TabBarController.swift */; };
		FC48A5112C37CAEC00C53509 /* UserDefaults+Class.swift in Sources */ = {isa = PBXBuildFile; fileRef = FC48A5102C37CAEC00C53509 /* UserDefaults+Class.swift */; };
		FC48A5132C37CBAA00C53509 /* Alert+Extension.swift in Sources */ = {isa = PBXBuildFile; fileRef = FC48A5122C37CBAA00C53509 /* Alert+Extension.swift */; };
		FC48A5192C3DA96900C53509 /* String+Extension.swift in Sources */ = {isa = PBXBuildFile; fileRef = FC48A5182C3DA96900C53509 /* String+Extension.swift */; };
		FC7645A02C4FE01C002DDCC9 /* Model.swift in Sources */ = {isa = PBXBuildFile; fileRef = FC76459F2C4FE01C002DDCC9 /* Model.swift */; };
		FCAD95232C6CCB3D006A6493 /* MovieListViewController.swift in Sources */ = {isa = PBXBuildFile; fileRef = FCAD95222C6CCB3D006A6493 /* MovieListViewController.swift */; };
		FCAD95262C734E3D006A6493 /* MovieListViewModel.swift in Sources */ = {isa = PBXBuildFile; fileRef = FCAD95252C734E3D006A6493 /* MovieListViewModel.swift */; };
		FCAD95282C735608006A6493 /* Movie.swift in Sources */ = {isa = PBXBuildFile; fileRef = FCAD95272C735608006A6493 /* Movie.swift */; };
		FCAD952B2C735651006A6493 /* NetworkManager.swift in Sources */ = {isa = PBXBuildFile; fileRef = FCAD952A2C735651006A6493 /* NetworkManager.swift */; };
		FCAD952E2C73567C006A6493 /* Api.swift in Sources */ = {isa = PBXBuildFile; fileRef = FCAD952D2C73567C006A6493 /* Api.swift */; };
		FCAD95322C73575A006A6493 /* MovieListCell.swift in Sources */ = {isa = PBXBuildFile; fileRef = FCAD95302C73575A006A6493 /* MovieListCell.swift */; };
		FCAD95332C73575A006A6493 /* MovieListCell.xib in Resources */ = {isa = PBXBuildFile; fileRef = FCAD95312C73575A006A6493 /* MovieListCell.xib */; };
		FCAD95362C735AC0006A6493 /* ListCell.swift in Sources */ = {isa = PBXBuildFile; fileRef = FCAD95342C735AC0006A6493 /* ListCell.swift */; };
		FCAD95372C735AC0006A6493 /* ListCell.xib in Resources */ = {isa = PBXBuildFile; fileRef = FCAD95352C735AC0006A6493 /* ListCell.xib */; };
		FCD6F6AB2C302223001C906C /* AppDelegate.swift in Sources */ = {isa = PBXBuildFile; fileRef = FCD6F6AA2C302223001C906C /* AppDelegate.swift */; };
		FCD6F6AD2C302223001C906C /* SceneDelegate.swift in Sources */ = {isa = PBXBuildFile; fileRef = FCD6F6AC2C302223001C906C /* SceneDelegate.swift */; };
		FCD6F6B22C302223001C906C /* Main.storyboard in Resources */ = {isa = PBXBuildFile; fileRef = FCD6F6B02C302223001C906C /* Main.storyboard */; };
		FCD6F6B42C302225001C906C /* Assets.xcassets in Resources */ = {isa = PBXBuildFile; fileRef = FCD6F6B32C302225001C906C /* Assets.xcassets */; };
		FCD6F6B72C302225001C906C /* LaunchScreen.storyboard in Resources */ = {isa = PBXBuildFile; fileRef = FCD6F6B52C302225001C906C /* LaunchScreen.storyboard */; };
		FCE02E432C40181900C42941 /* Storyboard+Extension.swift in Sources */ = {isa = PBXBuildFile; fileRef = FCE02E422C40181900C42941 /* Storyboard+Extension.swift */; };
		FCE02E452C40745C00C42941 /* Identifier+Extension.swift in Sources */ = {isa = PBXBuildFile; fileRef = FCE02E442C40745C00C42941 /* Identifier+Extension.swift */; };
		FCE02E472C4075C500C42941 /* NotesViewModel.swift in Sources */ = {isa = PBXBuildFile; fileRef = FCE02E462C4075C500C42941 /* NotesViewModel.swift */; };
/* End PBXBuildFile section */

/* Begin PBXFileReference section */
		FC48A4CF2C32CFB000C53509 /* ListViewController.swift */ = {isa = PBXFileReference; lastKnownFileType = sourcecode.swift; path = ListViewController.swift; sourceTree = "<group>"; };
		FC48A4D32C32E32B00C53509 /* ListViewModel.swift */ = {isa = PBXFileReference; lastKnownFileType = sourcecode.swift; path = ListViewModel.swift; sourceTree = "<group>"; };
		FC48A4D62C32E59300C53509 /* NotesViewController.swift */ = {isa = PBXFileReference; lastKnownFileType = sourcecode.swift; path = NotesViewController.swift; sourceTree = "<group>"; };
		FC48A50C2C36DD9A00C53509 /* TabBarController.swift */ = {isa = PBXFileReference; lastKnownFileType = sourcecode.swift; path = TabBarController.swift; sourceTree = "<group>"; };
		FC48A5102C37CAEC00C53509 /* UserDefaults+Class.swift */ = {isa = PBXFileReference; lastKnownFileType = sourcecode.swift; lineEnding = 0; path = "UserDefaults+Class.swift"; sourceTree = "<group>"; usesTabs = 0; };
		FC48A5122C37CBAA00C53509 /* Alert+Extension.swift */ = {isa = PBXFileReference; lastKnownFileType = sourcecode.swift; path = "Alert+Extension.swift"; sourceTree = "<group>"; };
		FC48A5182C3DA96900C53509 /* String+Extension.swift */ = {isa = PBXFileReference; lastKnownFileType = sourcecode.swift; path = "String+Extension.swift"; sourceTree = "<group>"; };
		FC76459F2C4FE01C002DDCC9 /* Model.swift */ = {isa = PBXFileReference; lastKnownFileType = sourcecode.swift; path = Model.swift; sourceTree = "<group>"; };
		FCAD95222C6CCB3D006A6493 /* MovieListViewController.swift */ = {isa = PBXFileReference; lastKnownFileType = sourcecode.swift; path = MovieListViewController.swift; sourceTree = "<group>"; };
		FCAD95252C734E3D006A6493 /* MovieListViewModel.swift */ = {isa = PBXFileReference; lastKnownFileType = sourcecode.swift; path = MovieListViewModel.swift; sourceTree = "<group>"; };
		FCAD95272C735608006A6493 /* Movie.swift */ = {isa = PBXFileReference; lastKnownFileType = sourcecode.swift; path = Movie.swift; sourceTree = "<group>"; };
		FCAD952A2C735651006A6493 /* NetworkManager.swift */ = {isa = PBXFileReference; lastKnownFileType = sourcecode.swift; path = NetworkManager.swift; sourceTree = "<group>"; };
		FCAD952D2C73567C006A6493 /* Api.swift */ = {isa = PBXFileReference; lastKnownFileType = sourcecode.swift; path = Api.swift; sourceTree = "<group>"; };
		FCAD95302C73575A006A6493 /* MovieListCell.swift */ = {isa = PBXFileReference; lastKnownFileType = sourcecode.swift; path = MovieListCell.swift; sourceTree = "<group>"; };
		FCAD95312C73575A006A6493 /* MovieListCell.xib */ = {isa = PBXFileReference; lastKnownFileType = file.xib; path = MovieListCell.xib; sourceTree = "<group>"; };
		FCAD95342C735AC0006A6493 /* ListCell.swift */ = {isa = PBXFileReference; lastKnownFileType = sourcecode.swift; path = ListCell.swift; sourceTree = "<group>"; };
		FCAD95352C735AC0006A6493 /* ListCell.xib */ = {isa = PBXFileReference; lastKnownFileType = file.xib; path = ListCell.xib; sourceTree = "<group>"; };
		FCD6F6A72C302223001C906C /* ToDoList.app */ = {isa = PBXFileReference; explicitFileType = wrapper.application; includeInIndex = 0; path = ToDoList.app; sourceTree = BUILT_PRODUCTS_DIR; };
		FCD6F6AA2C302223001C906C /* AppDelegate.swift */ = {isa = PBXFileReference; lastKnownFileType = sourcecode.swift; path = AppDelegate.swift; sourceTree = "<group>"; };
		FCD6F6AC2C302223001C906C /* SceneDelegate.swift */ = {isa = PBXFileReference; lastKnownFileType = sourcecode.swift; path = SceneDelegate.swift; sourceTree = "<group>"; };
		FCD6F6B12C302223001C906C /* Base */ = {isa = PBXFileReference; lastKnownFileType = file.storyboard; name = Base; path = Base.lproj/Main.storyboard; sourceTree = "<group>"; };
		FCD6F6B32C302225001C906C /* Assets.xcassets */ = {isa = PBXFileReference; lastKnownFileType = folder.assetcatalog; path = Assets.xcassets; sourceTree = "<group>"; };
		FCD6F6B62C302225001C906C /* Base */ = {isa = PBXFileReference; lastKnownFileType = file.storyboard; name = Base; path = Base.lproj/LaunchScreen.storyboard; sourceTree = "<group>"; };
		FCD6F6B82C302225001C906C /* Info.plist */ = {isa = PBXFileReference; lastKnownFileType = text.plist.xml; path = Info.plist; sourceTree = "<group>"; };
		FCE02E422C40181900C42941 /* Storyboard+Extension.swift */ = {isa = PBXFileReference; lastKnownFileType = sourcecode.swift; path = "Storyboard+Extension.swift"; sourceTree = "<group>"; };
		FCE02E442C40745C00C42941 /* Identifier+Extension.swift */ = {isa = PBXFileReference; lastKnownFileType = sourcecode.swift; path = "Identifier+Extension.swift"; sourceTree = "<group>"; };
		FCE02E462C4075C500C42941 /* NotesViewModel.swift */ = {isa = PBXFileReference; lastKnownFileType = sourcecode.swift; path = NotesViewModel.swift; sourceTree = "<group>"; };
/* End PBXFileReference section */

/* Begin PBXFrameworksBuildPhase section */
		FCD6F6A42C302223001C906C /* Frameworks */ = {
			isa = PBXFrameworksBuildPhase;
			buildActionMask = 2147483647;
			files = (
			);
			runOnlyForDeploymentPostprocessing = 0;
		};
/* End PBXFrameworksBuildPhase section */

/* Begin PBXGroup section */
		FC48A4D12C32D1C700C53509 /* module */ = {
			isa = PBXGroup;
			children = (
				FCAD952C2C735674006A6493 /* api */,
				FCAD95292C73563C006A6493 /* service */,
				FC76459E2C4FDFF8002DDCC9 /* model */,
				FC76459D2C412BBC002DDCC9 /* tabbar */,
				FC48A4D22C32E2EF00C53509 /* list */,
				FC48A4D52C32E54000C53509 /* notes */,
				FCAD95242C6CCB49006A6493 /* movie */,
			);
			path = module;
			sourceTree = "<group>";
		};
		FC48A4D22C32E2EF00C53509 /* list */ = {
			isa = PBXGroup;
			children = (
				FC48A4CF2C32CFB000C53509 /* ListViewController.swift */,
				FC48A4D32C32E32B00C53509 /* ListViewModel.swift */,
				FC48A4DF2C3409A800C53509 /* cell */,
			);
			path = list;
			sourceTree = "<group>";
		};
		FC48A4D52C32E54000C53509 /* notes */ = {
			isa = PBXGroup;
			children = (
				FC48A4D62C32E59300C53509 /* NotesViewController.swift */,
				FCE02E462C4075C500C42941 /* NotesViewModel.swift */,
			);
			path = notes;
			sourceTree = "<group>";
		};
		FC48A4DF2C3409A800C53509 /* cell */ = {
			isa = PBXGroup;
			children = (
				FCAD95342C735AC0006A6493 /* ListCell.swift */,
				FCAD95352C735AC0006A6493 /* ListCell.xib */,
			);
			path = cell;
			sourceTree = "<group>";
		};
		FC48A50E2C37C9E500C53509 /* utils */ = {
			isa = PBXGroup;
			children = (
				FC48A50F2C37CA2900C53509 /* extensions */,
			);
			path = utils;
			sourceTree = "<group>";
		};
		FC48A50F2C37CA2900C53509 /* extensions */ = {
			isa = PBXGroup;
			children = (
				FC48A5102C37CAEC00C53509 /* UserDefaults+Class.swift */,
				FCE02E422C40181900C42941 /* Storyboard+Extension.swift */,
				FC48A5122C37CBAA00C53509 /* Alert+Extension.swift */,
				FC48A5182C3DA96900C53509 /* String+Extension.swift */,
				FCE02E442C40745C00C42941 /* Identifier+Extension.swift */,
			);
			path = extensions;
			sourceTree = "<group>";
		};
		FC76459D2C412BBC002DDCC9 /* tabbar */ = {
			isa = PBXGroup;
			children = (
				FC48A50C2C36DD9A00C53509 /* TabBarController.swift */,
			);
			path = tabbar;
			sourceTree = "<group>";
		};
		FC76459E2C4FDFF8002DDCC9 /* model */ = {
			isa = PBXGroup;
			children = (
				FC76459F2C4FE01C002DDCC9 /* Model.swift */,
				FCAD95272C735608006A6493 /* Movie.swift */,
			);
			path = model;
			sourceTree = "<group>";
		};
		FCAD95242C6CCB49006A6493 /* movie */ = {
			isa = PBXGroup;
			children = (
				FCAD95222C6CCB3D006A6493 /* MovieListViewController.swift */,
				FCAD95252C734E3D006A6493 /* MovieListViewModel.swift */,
				FCAD952F2C735713006A6493 /* cell */,
			);
			path = movie;
			sourceTree = "<group>";
		};
		FCAD95292C73563C006A6493 /* service */ = {
			isa = PBXGroup;
			children = (
				FCAD952A2C735651006A6493 /* NetworkManager.swift */,
			);
			path = service;
			sourceTree = "<group>";
		};
		FCAD952C2C735674006A6493 /* api */ = {
			isa = PBXGroup;
			children = (
				FCAD952D2C73567C006A6493 /* Api.swift */,
			);
			path = api;
			sourceTree = "<group>";
		};
		FCAD952F2C735713006A6493 /* cell */ = {
			isa = PBXGroup;
			children = (
				FCAD95302C73575A006A6493 /* MovieListCell.swift */,
				FCAD95312C73575A006A6493 /* MovieListCell.xib */,
			);
			path = cell;
			sourceTree = "<group>";
		};
		FCD6F69E2C302223001C906C = {
			isa = PBXGroup;
			children = (
				FCD6F6A92C302223001C906C /* ToDoList */,
				FCD6F6A82C302223001C906C /* Products */,
			);
			sourceTree = "<group>";
		};
		FCD6F6A82C302223001C906C /* Products */ = {
			isa = PBXGroup;
			children = (
				FCD6F6A72C302223001C906C /* ToDoList.app */,
			);
			name = Products;
			sourceTree = "<group>";
		};
		FCD6F6A92C302223001C906C /* ToDoList */ = {
			isa = PBXGroup;
			children = (
				FC48A50E2C37C9E500C53509 /* utils */,
				FC48A4D12C32D1C700C53509 /* module */,
				FCD6F6AA2C302223001C906C /* AppDelegate.swift */,
				FCD6F6AC2C302223001C906C /* SceneDelegate.swift */,
				FCD6F6B02C302223001C906C /* Main.storyboard */,
				FCD6F6B32C302225001C906C /* Assets.xcassets */,
				FCD6F6B52C302225001C906C /* LaunchScreen.storyboard */,
				FCD6F6B82C302225001C906C /* Info.plist */,
			);
			path = ToDoList;
			sourceTree = "<group>";
		};
/* End PBXGroup section */

/* Begin PBXNativeTarget section */
		FCD6F6A62C302223001C906C /* ToDoList */ = {
			isa = PBXNativeTarget;
			buildConfigurationList = FCD6F6BB2C302225001C906C /* Build configuration list for PBXNativeTarget "ToDoList" */;
			buildPhases = (
				FCD6F6A32C302223001C906C /* Sources */,
				FCD6F6A42C302223001C906C /* Frameworks */,
				FCD6F6A52C302223001C906C /* Resources */,
			);
			buildRules = (
			);
			dependencies = (
			);
			name = ToDoList;
			productName = ToDoList;
			productReference = FCD6F6A72C302223001C906C /* ToDoList.app */;
			productType = "com.apple.product-type.application";
		};
/* End PBXNativeTarget section */

/* Begin PBXProject section */
		FCD6F69F2C302223001C906C /* Project object */ = {
			isa = PBXProject;
			attributes = {
				BuildIndependentTargetsInParallel = 1;
				LastSwiftUpdateCheck = 1520;
				LastUpgradeCheck = 1520;
				TargetAttributes = {
					FCD6F6A62C302223001C906C = {
						CreatedOnToolsVersion = 15.2;
					};
				};
			};
			buildConfigurationList = FCD6F6A22C302223001C906C /* Build configuration list for PBXProject "ToDoList" */;
			compatibilityVersion = "Xcode 14.0";
			developmentRegion = en;
			hasScannedForEncodings = 0;
			knownRegions = (
				en,
				Base,
			);
			mainGroup = FCD6F69E2C302223001C906C;
			productRefGroup = FCD6F6A82C302223001C906C /* Products */;
			projectDirPath = "";
			projectRoot = "";
			targets = (
				FCD6F6A62C302223001C906C /* ToDoList */,
			);
		};
/* End PBXProject section */

/* Begin PBXResourcesBuildPhase section */
		FCD6F6A52C302223001C906C /* Resources */ = {
			isa = PBXResourcesBuildPhase;
			buildActionMask = 2147483647;
			files = (
				FCD6F6B72C302225001C906C /* LaunchScreen.storyboard in Resources */,
				FCD6F6B42C302225001C906C /* Assets.xcassets in Resources */,
				FCAD95332C73575A006A6493 /* MovieListCell.xib in Resources */,
				FCD6F6B22C302223001C906C /* Main.storyboard in Resources */,
				FCAD95372C735AC0006A6493 /* ListCell.xib in Resources */,
			);
			runOnlyForDeploymentPostprocessing = 0;
		};
/* End PBXResourcesBuildPhase section */

/* Begin PBXSourcesBuildPhase section */
		FCD6F6A32C302223001C906C /* Sources */ = {
			isa = PBXSourcesBuildPhase;
			buildActionMask = 2147483647;
			files = (
				FCAD95322C73575A006A6493 /* MovieListCell.swift in Sources */,
				FCAD95282C735608006A6493 /* Movie.swift in Sources */,
				FCAD95232C6CCB3D006A6493 /* MovieListViewController.swift in Sources */,
				FC48A5112C37CAEC00C53509 /* UserDefaults+Class.swift in Sources */,
				FC48A5192C3DA96900C53509 /* String+Extension.swift in Sources */,
				FC48A5132C37CBAA00C53509 /* Alert+Extension.swift in Sources */,
				FCE02E432C40181900C42941 /* Storyboard+Extension.swift in Sources */,
				FC7645A02C4FE01C002DDCC9 /* Model.swift in Sources */,
				FC48A50D2C36DD9A00C53509 /* TabBarController.swift in Sources */,
				FCD6F6AB2C302223001C906C /* AppDelegate.swift in Sources */,
				FCAD952B2C735651006A6493 /* NetworkManager.swift in Sources */,
				FCAD952E2C73567C006A6493 /* Api.swift in Sources */,
				FC48A4D72C32E59300C53509 /* NotesViewController.swift in Sources */,
				FCD6F6AD2C302223001C906C /* SceneDelegate.swift in Sources */,
				FCE02E472C4075C500C42941 /* NotesViewModel.swift in Sources */,
				FCAD95362C735AC0006A6493 /* ListCell.swift in Sources */,
				FC48A4D42C32E32B00C53509 /* ListViewModel.swift in Sources */,
				FCE02E452C40745C00C42941 /* Identifier+Extension.swift in Sources */,
				FC48A4D02C32CFB000C53509 /* ListViewController.swift in Sources */,
				FCAD95262C734E3D006A6493 /* MovieListViewModel.swift in Sources */,
			);
			runOnlyForDeploymentPostprocessing = 0;
		};
/* End PBXSourcesBuildPhase section */

/* Begin PBXVariantGroup section */
		FCD6F6B02C302223001C906C /* Main.storyboard */ = {
			isa = PBXVariantGroup;
			children = (
				FCD6F6B12C302223001C906C /* Base */,
			);
			name = Main.storyboard;
			sourceTree = "<group>";
		};
		FCD6F6B52C302225001C906C /* LaunchScreen.storyboard */ = {
			isa = PBXVariantGroup;
			children = (
				FCD6F6B62C302225001C906C /* Base */,
			);
			name = LaunchScreen.storyboard;
			sourceTree = "<group>";
		};
/* End PBXVariantGroup section */

/* Begin XCBuildConfiguration section */
		FCD6F6B92C302225001C906C /* Debug */ = {
			isa = XCBuildConfiguration;
			buildSettings = {
				ALWAYS_SEARCH_USER_PATHS = NO;
				ASSETCATALOG_COMPILER_GENERATE_SWIFT_ASSET_SYMBOL_EXTENSIONS = YES;
				CLANG_ANALYZER_NONNULL = YES;
				CLANG_ANALYZER_NUMBER_OBJECT_CONVERSION = YES_AGGRESSIVE;
				CLANG_CXX_LANGUAGE_STANDARD = "gnu++20";
				CLANG_ENABLE_MODULES = YES;
				CLANG_ENABLE_OBJC_ARC = YES;
				CLANG_ENABLE_OBJC_WEAK = YES;
				CLANG_WARN_BLOCK_CAPTURE_AUTORELEASING = YES;
				CLANG_WARN_BOOL_CONVERSION = YES;
				CLANG_WARN_COMMA = YES;
				CLANG_WARN_CONSTANT_CONVERSION = YES;
				CLANG_WARN_DEPRECATED_OBJC_IMPLEMENTATIONS = YES;
				CLANG_WARN_DIRECT_OBJC_ISA_USAGE = YES_ERROR;
				CLANG_WARN_DOCUMENTATION_COMMENTS = YES;
				CLANG_WARN_EMPTY_BODY = YES;
				CLANG_WARN_ENUM_CONVERSION = YES;
				CLANG_WARN_INFINITE_RECURSION = YES;
				CLANG_WARN_INT_CONVERSION = YES;
				CLANG_WARN_NON_LITERAL_NULL_CONVERSION = YES;
				CLANG_WARN_OBJC_IMPLICIT_RETAIN_SELF = YES;
				CLANG_WARN_OBJC_LITERAL_CONVERSION = YES;
				CLANG_WARN_OBJC_ROOT_CLASS = YES_ERROR;
				CLANG_WARN_QUOTED_INCLUDE_IN_FRAMEWORK_HEADER = YES;
				CLANG_WARN_RANGE_LOOP_ANALYSIS = YES;
				CLANG_WARN_STRICT_PROTOTYPES = YES;
				CLANG_WARN_SUSPICIOUS_MOVE = YES;
				CLANG_WARN_UNGUARDED_AVAILABILITY = YES_AGGRESSIVE;
				CLANG_WARN_UNREACHABLE_CODE = YES;
				CLANG_WARN__DUPLICATE_METHOD_MATCH = YES;
				COPY_PHASE_STRIP = NO;
				DEBUG_INFORMATION_FORMAT = dwarf;
				ENABLE_STRICT_OBJC_MSGSEND = YES;
				ENABLE_TESTABILITY = YES;
				ENABLE_USER_SCRIPT_SANDBOXING = YES;
				GCC_C_LANGUAGE_STANDARD = gnu17;
				GCC_DYNAMIC_NO_PIC = NO;
				GCC_NO_COMMON_BLOCKS = YES;
				GCC_OPTIMIZATION_LEVEL = 0;
				GCC_PREPROCESSOR_DEFINITIONS = (
					"DEBUG=1",
					"$(inherited)",
				);
				GCC_WARN_64_TO_32_BIT_CONVERSION = YES;
				GCC_WARN_ABOUT_RETURN_TYPE = YES_ERROR;
				GCC_WARN_UNDECLARED_SELECTOR = YES;
				GCC_WARN_UNINITIALIZED_AUTOS = YES_AGGRESSIVE;
				GCC_WARN_UNUSED_FUNCTION = YES;
				GCC_WARN_UNUSED_VARIABLE = YES;
				IPHONEOS_DEPLOYMENT_TARGET = 17.2;
				LOCALIZATION_PREFERS_STRING_CATALOGS = YES;
				MTL_ENABLE_DEBUG_INFO = INCLUDE_SOURCE;
				MTL_FAST_MATH = YES;
				ONLY_ACTIVE_ARCH = YES;
				SDKROOT = iphoneos;
				SWIFT_ACTIVE_COMPILATION_CONDITIONS = "DEBUG $(inherited)";
				SWIFT_OPTIMIZATION_LEVEL = "-Onone";
			};
			name = Debug;
		};
		FCD6F6BA2C302225001C906C /* Release */ = {
			isa = XCBuildConfiguration;
			buildSettings = {
				ALWAYS_SEARCH_USER_PATHS = NO;
				ASSETCATALOG_COMPILER_GENERATE_SWIFT_ASSET_SYMBOL_EXTENSIONS = YES;
				CLANG_ANALYZER_NONNULL = YES;
				CLANG_ANALYZER_NUMBER_OBJECT_CONVERSION = YES_AGGRESSIVE;
				CLANG_CXX_LANGUAGE_STANDARD = "gnu++20";
				CLANG_ENABLE_MODULES = YES;
				CLANG_ENABLE_OBJC_ARC = YES;
				CLANG_ENABLE_OBJC_WEAK = YES;
				CLANG_WARN_BLOCK_CAPTURE_AUTORELEASING = YES;
				CLANG_WARN_BOOL_CONVERSION = YES;
				CLANG_WARN_COMMA = YES;
				CLANG_WARN_CONSTANT_CONVERSION = YES;
				CLANG_WARN_DEPRECATED_OBJC_IMPLEMENTATIONS = YES;
				CLANG_WARN_DIRECT_OBJC_ISA_USAGE = YES_ERROR;
				CLANG_WARN_DOCUMENTATION_COMMENTS = YES;
				CLANG_WARN_EMPTY_BODY = YES;
				CLANG_WARN_ENUM_CONVERSION = YES;
				CLANG_WARN_INFINITE_RECURSION = YES;
				CLANG_WARN_INT_CONVERSION = YES;
				CLANG_WARN_NON_LITERAL_NULL_CONVERSION = YES;
				CLANG_WARN_OBJC_IMPLICIT_RETAIN_SELF = YES;
				CLANG_WARN_OBJC_LITERAL_CONVERSION = YES;
				CLANG_WARN_OBJC_ROOT_CLASS = YES_ERROR;
				CLANG_WARN_QUOTED_INCLUDE_IN_FRAMEWORK_HEADER = YES;
				CLANG_WARN_RANGE_LOOP_ANALYSIS = YES;
				CLANG_WARN_STRICT_PROTOTYPES = YES;
				CLANG_WARN_SUSPICIOUS_MOVE = YES;
				CLANG_WARN_UNGUARDED_AVAILABILITY = YES_AGGRESSIVE;
				CLANG_WARN_UNREACHABLE_CODE = YES;
				CLANG_WARN__DUPLICATE_METHOD_MATCH = YES;
				COPY_PHASE_STRIP = NO;
				DEBUG_INFORMATION_FORMAT = "dwarf-with-dsym";
				ENABLE_NS_ASSERTIONS = NO;
				ENABLE_STRICT_OBJC_MSGSEND = YES;
				ENABLE_USER_SCRIPT_SANDBOXING = YES;
				GCC_C_LANGUAGE_STANDARD = gnu17;
				GCC_NO_COMMON_BLOCKS = YES;
				GCC_WARN_64_TO_32_BIT_CONVERSION = YES;
				GCC_WARN_ABOUT_RETURN_TYPE = YES_ERROR;
				GCC_WARN_UNDECLARED_SELECTOR = YES;
				GCC_WARN_UNINITIALIZED_AUTOS = YES_AGGRESSIVE;
				GCC_WARN_UNUSED_FUNCTION = YES;
				GCC_WARN_UNUSED_VARIABLE = YES;
				IPHONEOS_DEPLOYMENT_TARGET = 17.2;
				LOCALIZATION_PREFERS_STRING_CATALOGS = YES;
				MTL_ENABLE_DEBUG_INFO = NO;
				MTL_FAST_MATH = YES;
				SDKROOT = iphoneos;
				SWIFT_COMPILATION_MODE = wholemodule;
				VALIDATE_PRODUCT = YES;
			};
			name = Release;
		};
		FCD6F6BC2C302225001C906C /* Debug */ = {
			isa = XCBuildConfiguration;
			buildSettings = {
				ASSETCATALOG_COMPILER_APPICON_NAME = AppIcon;
				ASSETCATALOG_COMPILER_GLOBAL_ACCENT_COLOR_NAME = AccentColor;
				CODE_SIGN_STYLE = Automatic;
				CURRENT_PROJECT_VERSION = 1;
				DEVELOPMENT_TEAM = 95TP2MMC6C;
				GENERATE_INFOPLIST_FILE = YES;
				INFOPLIST_FILE = ToDoList/Info.plist;
				INFOPLIST_KEY_UIApplicationSupportsIndirectInputEvents = YES;
				INFOPLIST_KEY_UILaunchStoryboardName = LaunchScreen;
				INFOPLIST_KEY_UIMainStoryboardFile = Main;
				INFOPLIST_KEY_UISupportedInterfaceOrientations_iPad = "UIInterfaceOrientationPortrait UIInterfaceOrientationPortraitUpsideDown UIInterfaceOrientationLandscapeLeft UIInterfaceOrientationLandscapeRight";
				INFOPLIST_KEY_UISupportedInterfaceOrientations_iPhone = "UIInterfaceOrientationPortrait UIInterfaceOrientationLandscapeLeft UIInterfaceOrientationLandscapeRight";
				LD_RUNPATH_SEARCH_PATHS = (
					"$(inherited)",
					"@executable_path/Frameworks",
				);
				MARKETING_VERSION = 1.0;
				PRODUCT_BUNDLE_IDENTIFIER = com.ensarozturk.ToDoList;
				PRODUCT_NAME = "$(TARGET_NAME)";
				SWIFT_EMIT_LOC_STRINGS = YES;
				SWIFT_VERSION = 5.0;
				TARGETED_DEVICE_FAMILY = "1,2";
			};
			name = Debug;
		};
		FCD6F6BD2C302225001C906C /* Release */ = {
			isa = XCBuildConfiguration;
			buildSettings = {
				ASSETCATALOG_COMPILER_APPICON_NAME = AppIcon;
				ASSETCATALOG_COMPILER_GLOBAL_ACCENT_COLOR_NAME = AccentColor;
				CODE_SIGN_STYLE = Automatic;
				CURRENT_PROJECT_VERSION = 1;
				DEVELOPMENT_TEAM = 95TP2MMC6C;
				GENERATE_INFOPLIST_FILE = YES;
				INFOPLIST_FILE = ToDoList/Info.plist;
				INFOPLIST_KEY_UIApplicationSupportsIndirectInputEvents = YES;
				INFOPLIST_KEY_UILaunchStoryboardName = LaunchScreen;
				INFOPLIST_KEY_UIMainStoryboardFile = Main;
				INFOPLIST_KEY_UISupportedInterfaceOrientations_iPad = "UIInterfaceOrientationPortrait UIInterfaceOrientationPortraitUpsideDown UIInterfaceOrientationLandscapeLeft UIInterfaceOrientationLandscapeRight";
				INFOPLIST_KEY_UISupportedInterfaceOrientations_iPhone = "UIInterfaceOrientationPortrait UIInterfaceOrientationLandscapeLeft UIInterfaceOrientationLandscapeRight";
				LD_RUNPATH_SEARCH_PATHS = (
					"$(inherited)",
					"@executable_path/Frameworks",
				);
				MARKETING_VERSION = 1.0;
				PRODUCT_BUNDLE_IDENTIFIER = com.ensarozturk.ToDoList;
				PRODUCT_NAME = "$(TARGET_NAME)";
				SWIFT_EMIT_LOC_STRINGS = YES;
				SWIFT_VERSION = 5.0;
				TARGETED_DEVICE_FAMILY = "1,2";
			};
			name = Release;
		};
/* End XCBuildConfiguration section */

/* Begin XCConfigurationList section */
		FCD6F6A22C302223001C906C /* Build configuration list for PBXProject "ToDoList" */ = {
			isa = XCConfigurationList;
			buildConfigurations = (
				FCD6F6B92C302225001C906C /* Debug */,
				FCD6F6BA2C302225001C906C /* Release */,
			);
			defaultConfigurationIsVisible = 0;
			defaultConfigurationName = Release;
		};
		FCD6F6BB2C302225001C906C /* Build configuration list for PBXNativeTarget "ToDoList" */ = {
			isa = XCConfigurationList;
			buildConfigurations = (
				FCD6F6BC2C302225001C906C /* Debug */,
				FCD6F6BD2C302225001C906C /* Release */,
			);
			defaultConfigurationIsVisible = 0;
			defaultConfigurationName = Release;
		};
/* End XCConfigurationList section */
	};
	rootObject = FCD6F69F2C302223001C906C /* Project object */;
}
